
Microsoft Visual Studio Solution File, Format Version 12.00
# Visual Studio Version 16
VisualStudioVersion = 16.0.31019.35
MinimumVisualStudioVersion = 10.0.40219.1
Project("{FAE04EC0-301F-11D3-BF4B-00C04F79EFBC}") = "V8Sargsyan", "V8Sargsyan\V8Sargsyan.csproj", "{9CBD33AA-91A2-4C95-A53C-1AC6D9E8962D}"
EndProject
Global
	GlobalSection(SolutionConfigurationPlatforms) = preSolution
		Debug|Any CPU = Debug|Any CPU
		Release|Any CPU = Release|Any CPU
	EndGlobalSection
	GlobalSection(ProjectConfigurationPlatforms) = postSolution
		{9CBD33AA-91A2-4C95-A53C-1AC6D9E8962D}.Debug|Any CPU.ActiveCfg = Debug|Any CPU
		{9CBD33AA-91A2-4C95-A53C-1AC6D9E8962D}.Debug|Any CPU.Build.0 = Debug|Any CPU
		{9CBD33AA-91A2-4C95-A53C-1AC6D9E8962D}.Release|Any CPU.ActiveCfg = Release|Any CPU
		{9CBD33AA-91A2-4C95-A53C-1AC6D9E8962D}.Release|Any CPU.Build.0 = Release|Any CPU
	EndGlobalSection
	GlobalSection(SolutionProperties) = preSolution
		HideSolutionNode = FALSE
	EndGlobalSection
	GlobalSection(ExtensibilityGlobals) = postSolution
		SolutionGuid = {E782BF16-8644-4A92-9247-2512E5D83968}
	EndGlobalSection
EndGlobal
